
Microsoft Visual Studio Solution File, Format Version 12.00
# Visual Studio Version 17
VisualStudioVersion = 17.14.36429.23 d17.14
MinimumVisualStudioVersion = 10.0.40219.1
Project("{FAE04EC0-301F-11D3-BF4B-00C04F79EFBC}") = "Assignment3", "Assignment3.csproj", "{97C6E592-0AC7-4A3C-9B09-AC974FF8FF8F}"
EndProject
Global
	GlobalSection(SolutionConfigurationPlatforms) = preSolution
		Debug|Any CPU = Debug|Any CPU
		Release|Any CPU = Release|Any CPU
	EndGlobalSection
	GlobalSection(ProjectConfigurationPlatforms) = postSolution
		{97C6E592-0AC7-4A3C-9B09-AC974FF8FF8F}.Debug|Any CPU.ActiveCfg = Debug|Any CPU
		{97C6E592-0AC7-4A3C-9B09-AC974FF8FF8F}.Debug|Any CPU.Build.0 = Debug|Any CPU
		{97C6E592-0AC7-4A3C-9B09-AC974FF8FF8F}.Release|Any CPU.ActiveCfg = Release|Any CPU
		{97C6E592-0AC7-4A3C-9B09-AC974FF8FF8F}.Release|Any CPU.Build.0 = Release|Any CPU
	EndGlobalSection
	GlobalSection(SolutionProperties) = preSolution
		HideSolutionNode = FALSE
	EndGlobalSection
	GlobalSection(ExtensibilityGlobals) = postSolution
		SolutionGuid = {26772D84-328F-42C4-B81B-92CBC3C4D96A}
	EndGlobalSection
EndGlobal
